
Microsoft Visual Studio Solution File, Format Version 12.00
# Visual Studio Version 16
VisualStudioVersion = 16.0.32901.82
MinimumVisualStudioVersion = 10.0.40219.1
Project("{FAE04EC0-301F-11D3-BF4B-00C04F79EFBC}") = "LiberisWeb", "LiberisWeb\LiberisWeb.csproj", "{25D39EA3-27BE-4592-8638-D1E4668BF262}"
EndProject
Global
	GlobalSection(SolutionConfigurationPlatforms) = preSolution
		Debug|Any CPU = Debug|Any CPU
		Release|Any CPU = Release|Any CPU
	EndGlobalSection
	GlobalSection(ProjectConfigurationPlatforms) = postSolution
		{25D39EA3-27BE-4592-8638-D1E4668BF262}.Debug|Any CPU.ActiveCfg = Debug|Any CPU
		{25D39EA3-27BE-4592-8638-D1E4668BF262}.Debug|Any CPU.Build.0 = Debug|Any CPU
		{25D39EA3-27BE-4592-8638-D1E4668BF262}.Release|Any CPU.ActiveCfg = Release|Any CPU
		{25D39EA3-27BE-4592-8638-D1E4668BF262}.Release|Any CPU.Build.0 = Release|Any CPU
	EndGlobalSection
	GlobalSection(SolutionProperties) = preSolution
		HideSolutionNode = FALSE
	EndGlobalSection
	GlobalSection(ExtensibilityGlobals) = postSolution
		SolutionGuid = {B9ECD66C-E28D-4727-B299-AC05C7D8CB5C}
	EndGlobalSection
EndGlobal
